
Microsoft Visual Studio Solution File, Format Version 12.00
# Visual Studio Version 16
VisualStudioVersion = 16.0.31129.286
MinimumVisualStudioVersion = 10.0.40219.1
Project("{FAE04EC0-301F-11D3-BF4B-00C04F79EFBC}") = "Storage", "Storage\Storage.csproj", "{AC37A682-996A-42FC-95DD-F741BE72006F}"
EndProject
Global
	GlobalSection(SolutionConfigurationPlatforms) = preSolution
		Debug|Any CPU = Debug|Any CPU
		Release|Any CPU = Release|Any CPU
	EndGlobalSection
	GlobalSection(ProjectConfigurationPlatforms) = postSolution
		{AC37A682-996A-42FC-95DD-F741BE72006F}.Debug|Any CPU.ActiveCfg = Debug|Any CPU
		{AC37A682-996A-42FC-95DD-F741BE72006F}.Debug|Any CPU.Build.0 = Debug|Any CPU
		{AC37A682-996A-42FC-95DD-F741BE72006F}.Release|Any CPU.ActiveCfg = Release|Any CPU
		{AC37A682-996A-42FC-95DD-F741BE72006F}.Release|Any CPU.Build.0 = Release|Any CPU
	EndGlobalSection
	GlobalSection(SolutionProperties) = preSolution
		HideSolutionNode = FALSE
	EndGlobalSection
	GlobalSection(ExtensibilityGlobals) = postSolution
		SolutionGuid = {018DC277-76B4-4F5F-9B96-E307C8E9B999}
	EndGlobalSection
EndGlobal
